
Microsoft Visual Studio Solution File, Format Version 12.00
# Visual Studio Version 16
VisualStudioVersion = 16.0.32106.194
MinimumVisualStudioVersion = 10.0.40219.1
Project("{FAE04EC0-301F-11D3-BF4B-00C04F79EFBC}") = "ESVendingMachine", "ESVendingMachine.csproj", "{FA017E94-BF9F-41EC-9C49-F48B2BFBA8F9}"
EndProject
Project("{FAE04EC0-301F-11D3-BF4B-00C04F79EFBC}") = "VendingMachineTests", "..\VendingMachineTests\VendingMachineTests.csproj", "{4BCFBCEF-1C50-4554-919E-E47572A916C9}"
EndProject
Global
	GlobalSection(SolutionConfigurationPlatforms) = preSolution
		Debug|Any CPU = Debug|Any CPU
		Release|Any CPU = Release|Any CPU
	EndGlobalSection
	GlobalSection(ProjectConfigurationPlatforms) = postSolution
		{FA017E94-BF9F-41EC-9C49-F48B2BFBA8F9}.Debug|Any CPU.ActiveCfg = Debug|Any CPU
		{FA017E94-BF9F-41EC-9C49-F48B2BFBA8F9}.Debug|Any CPU.Build.0 = Debug|Any CPU
		{FA017E94-BF9F-41EC-9C49-F48B2BFBA8F9}.Release|Any CPU.ActiveCfg = Release|Any CPU
		{FA017E94-BF9F-41EC-9C49-F48B2BFBA8F9}.Release|Any CPU.Build.0 = Release|Any CPU
		{4BCFBCEF-1C50-4554-919E-E47572A916C9}.Debug|Any CPU.ActiveCfg = Debug|Any CPU
		{4BCFBCEF-1C50-4554-919E-E47572A916C9}.Debug|Any CPU.Build.0 = Debug|Any CPU
		{4BCFBCEF-1C50-4554-919E-E47572A916C9}.Release|Any CPU.ActiveCfg = Release|Any CPU
		{4BCFBCEF-1C50-4554-919E-E47572A916C9}.Release|Any CPU.Build.0 = Release|Any CPU
	EndGlobalSection
	GlobalSection(SolutionProperties) = preSolution
		HideSolutionNode = FALSE
	EndGlobalSection
	GlobalSection(ExtensibilityGlobals) = postSolution
		SolutionGuid = {6D566453-0D1A-4C0A-9926-1FF41FF78A50}
	EndGlobalSection
EndGlobal
